
Microsoft Visual Studio Solution File, Format Version 12.00
# Visual Studio Version 17
VisualStudioVersion = 17.14.36202.13
MinimumVisualStudioVersion = 10.0.40219.1
Project("{FAE04EC0-301F-11D3-BF4B-00C04F79EFBC}") = "BookStore.API", "BookStore.API.csproj", "{522C7F8B-4D32-4145-B6B8-2E7BCE11E9D1}"
EndProject
Project("{FAE04EC0-301F-11D3-BF4B-00C04F79EFBC}") = "BookStore.Application", "..\BookStore.Application\BookStore.Application.csproj", "{DE7D787D-93E5-0380-8916-007845586991}"
EndProject
Project("{FAE04EC0-301F-11D3-BF4B-00C04F79EFBC}") = "BookStore.Domain", "..\BookStore.Domain\BookStore.Domain.csproj", "{4871622B-C10B-907F-8E7A-26765132B25E}"
EndProject
Project("{FAE04EC0-301F-11D3-BF4B-00C04F79EFBC}") = "BookStore.Infrastructure", "..\BookStore.Infrastructure\BookStore.Infrastructure.csproj", "{3170FCC5-F603-8AAA-8C18-49003FD1741F}"
EndProject
Project("{FAE04EC0-301F-11D3-BF4B-00C04F79EFBC}") = "BookStore.Test", "..\BookStore.Test\BookStore.Test.csproj", "{5D5512F4-30D9-7187-B862-7C15BD0E9F74}"
EndProject
Global
	GlobalSection(SolutionConfigurationPlatforms) = preSolution
		Debug|Any CPU = Debug|Any CPU
		Release|Any CPU = Release|Any CPU
	EndGlobalSection
	GlobalSection(ProjectConfigurationPlatforms) = postSolution
		{522C7F8B-4D32-4145-B6B8-2E7BCE11E9D1}.Debug|Any CPU.ActiveCfg = Debug|Any CPU
		{522C7F8B-4D32-4145-B6B8-2E7BCE11E9D1}.Debug|Any CPU.Build.0 = Debug|Any CPU
		{522C7F8B-4D32-4145-B6B8-2E7BCE11E9D1}.Release|Any CPU.ActiveCfg = Release|Any CPU
		{522C7F8B-4D32-4145-B6B8-2E7BCE11E9D1}.Release|Any CPU.Build.0 = Release|Any CPU
		{DE7D787D-93E5-0380-8916-007845586991}.Debug|Any CPU.ActiveCfg = Debug|Any CPU
		{DE7D787D-93E5-0380-8916-007845586991}.Debug|Any CPU.Build.0 = Debug|Any CPU
		{DE7D787D-93E5-0380-8916-007845586991}.Release|Any CPU.ActiveCfg = Release|Any CPU
		{DE7D787D-93E5-0380-8916-007845586991}.Release|Any CPU.Build.0 = Release|Any CPU
		{4871622B-C10B-907F-8E7A-26765132B25E}.Debug|Any CPU.ActiveCfg = Debug|Any CPU
		{4871622B-C10B-907F-8E7A-26765132B25E}.Debug|Any CPU.Build.0 = Debug|Any CPU
		{4871622B-C10B-907F-8E7A-26765132B25E}.Release|Any CPU.ActiveCfg = Release|Any CPU
		{4871622B-C10B-907F-8E7A-26765132B25E}.Release|Any CPU.Build.0 = Release|Any CPU
		{3170FCC5-F603-8AAA-8C18-49003FD1741F}.Debug|Any CPU.ActiveCfg = Debug|Any CPU
		{3170FCC5-F603-8AAA-8C18-49003FD1741F}.Debug|Any CPU.Build.0 = Debug|Any CPU
		{3170FCC5-F603-8AAA-8C18-49003FD1741F}.Release|Any CPU.ActiveCfg = Release|Any CPU
		{3170FCC5-F603-8AAA-8C18-49003FD1741F}.Release|Any CPU.Build.0 = Release|Any CPU
		{5D5512F4-30D9-7187-B862-7C15BD0E9F74}.Debug|Any CPU.ActiveCfg = Debug|Any CPU
		{5D5512F4-30D9-7187-B862-7C15BD0E9F74}.Debug|Any CPU.Build.0 = Debug|Any CPU
		{5D5512F4-30D9-7187-B862-7C15BD0E9F74}.Release|Any CPU.ActiveCfg = Release|Any CPU
		{5D5512F4-30D9-7187-B862-7C15BD0E9F74}.Release|Any CPU.Build.0 = Release|Any CPU
	EndGlobalSection
	GlobalSection(SolutionProperties) = preSolution
		HideSolutionNode = FALSE
	EndGlobalSection
	GlobalSection(ExtensibilityGlobals) = postSolution
		SolutionGuid = {89DCD8CA-FA05-468F-BBFE-18B4671C0FBC}
	EndGlobalSection
EndGlobal
