
Microsoft Visual Studio Solution File, Format Version 12.00
# Visual Studio Version 17
VisualStudioVersion = 17.14.36202.13 d17.14
MinimumVisualStudioVersion = 10.0.40219.1
Project("{FAE04EC0-301F-11D3-BF4B-00C04F79EFBC}") = "BookStore.API", "BookStore.API.csproj", "{522C7F8B-4D32-4145-B6B8-2E7BCE11E9D1}"
EndProject
Project("{FAE04EC0-301F-11D3-BF4B-00C04F79EFBC}") = "BookStore.Domain", "..\BookStore.Domain\BookStore.Domain.csproj", "{1ADB9A82-4794-4178-B14D-A33B225FC14E}"
EndProject
Project("{FAE04EC0-301F-11D3-BF4B-00C04F79EFBC}") = "BookStore.Application", "..\BookStore.Application\BookStore.Application.csproj", "{0254D70A-95ED-4D82-AAA7-72D4E840BED2}"
EndProject
Project("{FAE04EC0-301F-11D3-BF4B-00C04F79EFBC}") = "BookStore.Infrastructure", "..\BookStore.Infrastructure\BookStore.Infrastructure.csproj", "{1271BB1A-E2F6-43D7-8ABB-BAFBE7F8AC42}"
EndProject
Project("{FAE04EC0-301F-11D3-BF4B-00C04F79EFBC}") = "BookStore.Test", "..\BookStore.Test\BookStore.Test.csproj", "{594D5CEF-0361-4273-B4C1-8D262D3A7DF2}"
EndProject
Global
	GlobalSection(SolutionConfigurationPlatforms) = preSolution
		Debug|Any CPU = Debug|Any CPU
		Release|Any CPU = Release|Any CPU
	EndGlobalSection
	GlobalSection(ProjectConfigurationPlatforms) = postSolution
		{522C7F8B-4D32-4145-B6B8-2E7BCE11E9D1}.Debug|Any CPU.ActiveCfg = Debug|Any CPU
		{522C7F8B-4D32-4145-B6B8-2E7BCE11E9D1}.Debug|Any CPU.Build.0 = Debug|Any CPU
		{522C7F8B-4D32-4145-B6B8-2E7BCE11E9D1}.Release|Any CPU.ActiveCfg = Release|Any CPU
		{522C7F8B-4D32-4145-B6B8-2E7BCE11E9D1}.Release|Any CPU.Build.0 = Release|Any CPU
		{1ADB9A82-4794-4178-B14D-A33B225FC14E}.Debug|Any CPU.ActiveCfg = Debug|Any CPU
		{1ADB9A82-4794-4178-B14D-A33B225FC14E}.Debug|Any CPU.Build.0 = Debug|Any CPU
		{1ADB9A82-4794-4178-B14D-A33B225FC14E}.Release|Any CPU.ActiveCfg = Release|Any CPU
		{1ADB9A82-4794-4178-B14D-A33B225FC14E}.Release|Any CPU.Build.0 = Release|Any CPU
		{0254D70A-95ED-4D82-AAA7-72D4E840BED2}.Debug|Any CPU.ActiveCfg = Debug|Any CPU
		{0254D70A-95ED-4D82-AAA7-72D4E840BED2}.Debug|Any CPU.Build.0 = Debug|Any CPU
		{0254D70A-95ED-4D82-AAA7-72D4E840BED2}.Release|Any CPU.ActiveCfg = Release|Any CPU
		{0254D70A-95ED-4D82-AAA7-72D4E840BED2}.Release|Any CPU.Build.0 = Release|Any CPU
		{1271BB1A-E2F6-43D7-8ABB-BAFBE7F8AC42}.Debug|Any CPU.ActiveCfg = Debug|Any CPU
		{1271BB1A-E2F6-43D7-8ABB-BAFBE7F8AC42}.Debug|Any CPU.Build.0 = Debug|Any CPU
		{1271BB1A-E2F6-43D7-8ABB-BAFBE7F8AC42}.Release|Any CPU.ActiveCfg = Release|Any CPU
		{1271BB1A-E2F6-43D7-8ABB-BAFBE7F8AC42}.Release|Any CPU.Build.0 = Release|Any CPU
		{594D5CEF-0361-4273-B4C1-8D262D3A7DF2}.Debug|Any CPU.ActiveCfg = Debug|Any CPU
		{594D5CEF-0361-4273-B4C1-8D262D3A7DF2}.Debug|Any CPU.Build.0 = Debug|Any CPU
		{594D5CEF-0361-4273-B4C1-8D262D3A7DF2}.Release|Any CPU.ActiveCfg = Release|Any CPU
		{594D5CEF-0361-4273-B4C1-8D262D3A7DF2}.Release|Any CPU.Build.0 = Release|Any CPU
	EndGlobalSection
	GlobalSection(SolutionProperties) = preSolution
		HideSolutionNode = FALSE
	EndGlobalSection
	GlobalSection(ExtensibilityGlobals) = postSolution
		SolutionGuid = {89DCD8CA-FA05-468F-BBFE-18B4671C0FBC}
	EndGlobalSection
EndGlobal
