
Microsoft Visual Studio Solution File, Format Version 12.00
# Visual Studio Version 17
VisualStudioVersion = 17.14.36202.13
MinimumVisualStudioVersion = 10.0.40219.1
Project("{FAE04EC0-301F-11D3-BF4B-00C04F79EFBC}") = "BookStore.API", "BookStore.API.csproj", "{522C7F8B-4D32-4145-B6B8-2E7BCE11E9D1}"
EndProject
Project("{FAE04EC0-301F-11D3-BF4B-00C04F79EFBC}") = "BookStore.Application", "..\..\Nova pasta\BookStore.Application\BookStore.Application.csproj", "{EDF28C33-23BE-8957-5956-B3B69DF8C6FF}"
EndProject
Project("{FAE04EC0-301F-11D3-BF4B-00C04F79EFBC}") = "BookStore.Domain", "..\..\Nova pasta\BookStore.Domain\BookStore.Domain.csproj", "{A996BF39-471E-C727-89E2-61F08C42485B}"
EndProject
Project("{FAE04EC0-301F-11D3-BF4B-00C04F79EFBC}") = "BookStore.Infrastructure", "..\..\Nova pasta\BookStore.Infrastructure\BookStore.Infrastructure.csproj", "{F898C214-92B9-DCC8-ADD1-0F3DDD895903}"
EndProject
Project("{FAE04EC0-301F-11D3-BF4B-00C04F79EFBC}") = "BookStore.Test", "..\..\Nova pasta\BookStore.Test\BookStore.Test.csproj", "{CEF56D63-1BAD-2217-C326-DB3A00CC9577}"
EndProject
Global
	GlobalSection(SolutionConfigurationPlatforms) = preSolution
		Debug|Any CPU = Debug|Any CPU
		Release|Any CPU = Release|Any CPU
	EndGlobalSection
	GlobalSection(ProjectConfigurationPlatforms) = postSolution
		{522C7F8B-4D32-4145-B6B8-2E7BCE11E9D1}.Debug|Any CPU.ActiveCfg = Debug|Any CPU
		{522C7F8B-4D32-4145-B6B8-2E7BCE11E9D1}.Debug|Any CPU.Build.0 = Debug|Any CPU
		{522C7F8B-4D32-4145-B6B8-2E7BCE11E9D1}.Release|Any CPU.ActiveCfg = Release|Any CPU
		{522C7F8B-4D32-4145-B6B8-2E7BCE11E9D1}.Release|Any CPU.Build.0 = Release|Any CPU
		{EDF28C33-23BE-8957-5956-B3B69DF8C6FF}.Debug|Any CPU.ActiveCfg = Debug|Any CPU
		{EDF28C33-23BE-8957-5956-B3B69DF8C6FF}.Debug|Any CPU.Build.0 = Debug|Any CPU
		{EDF28C33-23BE-8957-5956-B3B69DF8C6FF}.Release|Any CPU.ActiveCfg = Release|Any CPU
		{EDF28C33-23BE-8957-5956-B3B69DF8C6FF}.Release|Any CPU.Build.0 = Release|Any CPU
		{A996BF39-471E-C727-89E2-61F08C42485B}.Debug|Any CPU.ActiveCfg = Debug|Any CPU
		{A996BF39-471E-C727-89E2-61F08C42485B}.Debug|Any CPU.Build.0 = Debug|Any CPU
		{A996BF39-471E-C727-89E2-61F08C42485B}.Release|Any CPU.ActiveCfg = Release|Any CPU
		{A996BF39-471E-C727-89E2-61F08C42485B}.Release|Any CPU.Build.0 = Release|Any CPU
		{F898C214-92B9-DCC8-ADD1-0F3DDD895903}.Debug|Any CPU.ActiveCfg = Debug|Any CPU
		{F898C214-92B9-DCC8-ADD1-0F3DDD895903}.Debug|Any CPU.Build.0 = Debug|Any CPU
		{F898C214-92B9-DCC8-ADD1-0F3DDD895903}.Release|Any CPU.ActiveCfg = Release|Any CPU
		{F898C214-92B9-DCC8-ADD1-0F3DDD895903}.Release|Any CPU.Build.0 = Release|Any CPU
		{CEF56D63-1BAD-2217-C326-DB3A00CC9577}.Debug|Any CPU.ActiveCfg = Debug|Any CPU
		{CEF56D63-1BAD-2217-C326-DB3A00CC9577}.Debug|Any CPU.Build.0 = Debug|Any CPU
		{CEF56D63-1BAD-2217-C326-DB3A00CC9577}.Release|Any CPU.ActiveCfg = Release|Any CPU
		{CEF56D63-1BAD-2217-C326-DB3A00CC9577}.Release|Any CPU.Build.0 = Release|Any CPU
	EndGlobalSection
	GlobalSection(SolutionProperties) = preSolution
		HideSolutionNode = FALSE
	EndGlobalSection
	GlobalSection(ExtensibilityGlobals) = postSolution
		SolutionGuid = {89DCD8CA-FA05-468F-BBFE-18B4671C0FBC}
	EndGlobalSection
EndGlobal
